
Microsoft Visual Studio Solution File, Format Version 12.00
# Visual Studio 2012
Project("{2150E333-8FDC-42A3-9474-1A3956D46DE8}") = "Projects", "Projects", "{387027FE-D754-4A0C-BE6F-355993DD3F96}"
EndProject
Project("{FAE04EC0-301F-11D3-BF4B-00C04F79EFBC}") = "dmportella.Facebook", "Projects\dmportella.Facebook\dmportella.Facebook.csproj", "{326813C1-159D-41FF-9724-424FE628D030}"
EndProject
Project("{2150E333-8FDC-42A3-9474-1A3956D46DE8}") = "Example", "Example", "{FCB27125-2EF0-4D1C-A87E-0DADB4494EE1}"
EndProject
Project("{FAE04EC0-301F-11D3-BF4B-00C04F79EFBC}") = "FacebookTestUsers", "Example\FacebookTestUsers\FacebookTestUsers.csproj", "{0BA05E55-5509-4270-A11E-8FBBBBD284E5}"
EndProject
Global
	GlobalSection(SolutionConfigurationPlatforms) = preSolution
		Debug|Any CPU = Debug|Any CPU
		Release|Any CPU = Release|Any CPU
	EndGlobalSection
	GlobalSection(ProjectConfigurationPlatforms) = postSolution
		{326813C1-159D-41FF-9724-424FE628D030}.Debug|Any CPU.ActiveCfg = Debug|Any CPU
		{326813C1-159D-41FF-9724-424FE628D030}.Debug|Any CPU.Build.0 = Debug|Any CPU
		{326813C1-159D-41FF-9724-424FE628D030}.Release|Any CPU.ActiveCfg = Release|Any CPU
		{326813C1-159D-41FF-9724-424FE628D030}.Release|Any CPU.Build.0 = Release|Any CPU
		{0BA05E55-5509-4270-A11E-8FBBBBD284E5}.Debug|Any CPU.ActiveCfg = Debug|Any CPU
		{0BA05E55-5509-4270-A11E-8FBBBBD284E5}.Debug|Any CPU.Build.0 = Debug|Any CPU
		{0BA05E55-5509-4270-A11E-8FBBBBD284E5}.Release|Any CPU.ActiveCfg = Release|Any CPU
		{0BA05E55-5509-4270-A11E-8FBBBBD284E5}.Release|Any CPU.Build.0 = Release|Any CPU
	EndGlobalSection
	GlobalSection(SolutionProperties) = preSolution
		HideSolutionNode = FALSE
	EndGlobalSection
	GlobalSection(NestedProjects) = preSolution
		{326813C1-159D-41FF-9724-424FE628D030} = {387027FE-D754-4A0C-BE6F-355993DD3F96}
		{0BA05E55-5509-4270-A11E-8FBBBBD284E5} = {FCB27125-2EF0-4D1C-A87E-0DADB4494EE1}
	EndGlobalSection
EndGlobal
